// !$*UTF8*$!
{
	archiveVersion = 1;
	classes = {
	};
	objectVersion = 50;
	objects = {

/* Begin PBXBuildFile section */
		77AE8F3720AFBF5E00EBDC73 /* AppDelegate.swift in Sources */ = {isa = PBXBuildFile; fileRef = 77AE8F3620AFBF5E00EBDC73 /* AppDelegate.swift */; };
		77AE8F3920AFBF5E00EBDC73 /* ViewController.swift in Sources */ = {isa = PBXBuildFile; fileRef = 77AE8F3820AFBF5E00EBDC73 /* ViewController.swift */; };
		77AE8F3C20AFBF5E00EBDC73 /* Main.storyboard in Resources */ = {isa = PBXBuildFile; fileRef = 77AE8F3A20AFBF5E00EBDC73 /* Main.storyboard */; };
		77AE8F3E20AFBF5F00EBDC73 /* Assets.xcassets in Resources */ = {isa = PBXBuildFile; fileRef = 77AE8F3D20AFBF5F00EBDC73 /* Assets.xcassets */; };
		77AE8F4120AFBF5F00EBDC73 /* LaunchScreen.storyboard in Resources */ = {isa = PBXBuildFile; fileRef = 77AE8F3F20AFBF5F00EBDC73 /* LaunchScreen.storyboard */; };
/* End PBXBuildFile section */

/* Begin PBXFileReference section */
		77AE8F3320AFBF5E00EBDC73 /* TablaSimple1.app */ = {isa = PBXFileReference; explicitFileType = wrapper.application; includeInIndex = 0; path = TablaSimple1.app; sourceTree = BUILT_PRODUCTS_DIR; };
		77AE8F3620AFBF5E00EBDC73 /* AppDelegate.swift */ = {isa = PBXFileReference; lastKnownFileType = sourcecode.swift; path = AppDelegate.swift; sourceTree = "<group>"; };
		77AE8F3820AFBF5E00EBDC73 /* ViewController.swift */ = {isa = PBXFileReference; lastKnownFileType = sourcecode.swift; path = ViewController.swift; sourceTree = "<group>"; };
		77AE8F3B20AFBF5E00EBDC73 /* Base */ = {isa = PBXFileReference; lastKnownFileType = file.storyboard; name = Base; path = Base.lproj/Main.storyboard; sourceTree = "<group>"; };
		77AE8F3D20AFBF5F00EBDC73 /* Assets.xcassets */ = {isa = PBXFileReference; lastKnownFileType = folder.assetcatalog; path = Assets.xcassets; sourceTree = "<group>"; };
		77AE8F4020AFBF5F00EBDC73 /* Base */ = {isa = PBXFileReference; lastKnownFileType = file.storyboard; name = Base; path = Base.lproj/LaunchScreen.storyboard; sourceTree = "<group>"; };
		77AE8F4220AFBF5F00EBDC73 /* Info.plist */ = {isa = PBXFileReference; lastKnownFileType = text.plist.xml; path = Info.plist; sourceTree = "<group>"; };
/* End PBXFileReference section */

/* Begin PBXFrameworksBuildPhase section */
		77AE8F3020AFBF5E00EBDC73 /* Frameworks */ = {
			isa = PBXFrameworksBuildPhase;
			buildActionMask = 2147483647;
			files = (
			);
			runOnlyForDeploymentPostprocessing = 0;
		};
/* End PBXFrameworksBuildPhase section */

/* Begin PBXGroup section */
		77AE8F2A20AFBF5E00EBDC73 = {
			isa = PBXGroup;
			children = (
				77AE8F3520AFBF5E00EBDC73 /* TablaSimple1 */,
				77AE8F3420AFBF5E00EBDC73 /* Products */,
			);
			sourceTree = "<group>";
		};
		77AE8F3420AFBF5E00EBDC73 /* Products */ = {
			isa = PBXGroup;
			children = (
				77AE8F3320AFBF5E00EBDC73 /* TablaSimple1.app */,
			);
			name = Products;
			sourceTree = "<group>";
		};
		77AE8F3520AFBF5E00EBDC73 /* TablaSimple1 */ = {
			isa = PBXGroup;
			children = (
				77AE8F3620AFBF5E00EBDC73 /* AppDelegate.swift */,
				77AE8F3820AFBF5E00EBDC73 /* ViewController.swift */,
				77AE8F3A20AFBF5E00EBDC73 /* Main.storyboard */,
				77AE8F3D20AFBF5F00EBDC73 /* Assets.xcassets */,
				77AE8F3F20AFBF5F00EBDC73 /* LaunchScreen.storyboard */,
				77AE8F4220AFBF5F00EBDC73 /* Info.plist */,
			);
			path = TablaSimple1;
			sourceTree = "<group>";
		};
/* End PBXGroup section */

/* Begin PBXNativeTarget section */
		77AE8F3220AFBF5E00EBDC73 /* TablaSimple1 */ = {
			isa = PBXNativeTarget;
			buildConfigurationList = 77AE8F4520AFBF5F00EBDC73 /* Build configuration list for PBXNativeTarget "TablaSimple1" */;
			buildPhases = (
				77AE8F2F20AFBF5E00EBDC73 /* Sources */,
				77AE8F3020AFBF5E00EBDC73 /* Frameworks */,
				77AE8F3120AFBF5E00EBDC73 /* Resources */,
			);
			buildRules = (
			);
			dependencies = (
			);
			name = TablaSimple1;
			productName = TablaSimple1;
			productReference = 77AE8F3320AFBF5E00EBDC73 /* TablaSimple1.app */;
			productType = "com.apple.product-type.application";
		};
/* End PBXNativeTarget section */

/* Begin PBXProject section */
		77AE8F2B20AFBF5E00EBDC73 /* Project object */ = {
			isa = PBXProject;
			attributes = {
				LastSwiftUpdateCheck = 0930;
				LastUpgradeCheck = 0930;
				ORGANIZATIONNAME = "Angeles Jelena Lopez Fernandez";
				TargetAttributes = {
					77AE8F3220AFBF5E00EBDC73 = {
						CreatedOnToolsVersion = 9.3;
					};
				};
			};
			buildConfigurationList = 77AE8F2E20AFBF5E00EBDC73 /* Build configuration list for PBXProject "TablaSimple1" */;
			compatibilityVersion = "Xcode 9.3";
			developmentRegion = en;
			hasScannedForEncodings = 0;
			knownRegions = (
				en,
				Base,
			);
			mainGroup = 77AE8F2A20AFBF5E00EBDC73;
			productRefGroup = 77AE8F3420AFBF5E00EBDC73 /* Products */;
			projectDirPath = "";
			projectRoot = "";
			targets = (
				77AE8F3220AFBF5E00EBDC73 /* TablaSimple1 */,
			);
		};
/* End PBXProject section */

/* Begin PBXResourcesBuildPhase section */
		77AE8F3120AFBF5E00EBDC73 /* Resources */ = {
			isa = PBXResourcesBuildPhase;
			buildActionMask = 2147483647;
			files = (
				77AE8F4120AFBF5F00EBDC73 /* LaunchScreen.storyboard in Resources */,
				77AE8F3E20AFBF5F00EBDC73 /* Assets.xcassets in Resources */,
				77AE8F3C20AFBF5E00EBDC73 /* Main.storyboard in Resources */,
			);
			runOnlyForDeploymentPostprocessing = 0;
		};
/* End PBXResourcesBuildPhase section */

/* Begin PBXSourcesBuildPhase section */
		77AE8F2F20AFBF5E00EBDC73 /* Sources */ = {
			isa = PBXSourcesBuildPhase;
			buildActionMask = 2147483647;
			files = (
				77AE8F3920AFBF5E00EBDC73 /* ViewController.swift in Sources */,
				77AE8F3720AFBF5E00EBDC73 /* AppDelegate.swift in Sources */,
			);
			runOnlyForDeploymentPostprocessing = 0;
		};
/* End PBXSourcesBuildPhase section */

/* Begin PBXVariantGroup section */
		77AE8F3A20AFBF5E00EBDC73 /* Main.storyboard */ = {
			isa = PBXVariantGroup;
			children = (
				77AE8F3B20AFBF5E00EBDC73 /* Base */,
			);
			name = Main.storyboard;
			sourceTree = "<group>";
		};
		77AE8F3F20AFBF5F00EBDC73 /* LaunchScreen.storyboard */ = {
			isa = PBXVariantGroup;
			children = (
				77AE8F4020AFBF5F00EBDC73 /* Base */,
			);
			name = LaunchScreen.storyboard;
			sourceTree = "<group>";
		};
/* End PBXVariantGroup section */

/* Begin XCBuildConfiguration section */
		77AE8F4320AFBF5F00EBDC73 /* Debug */ = {
			isa = XCBuildConfiguration;
			buildSettings = {
				ALWAYS_SEARCH_USER_PATHS = NO;
				CLANG_ANALYZER_NONNULL = YES;
				CLANG_ANALYZER_NUMBER_OBJECT_CONVERSION = YES_AGGRESSIVE;
				CLANG_CXX_LANGUAGE_STANDARD = "gnu++14";
				CLANG_CXX_LIBRARY = "libc++";
				CLANG_ENABLE_MODULES = YES;
				CLANG_ENABLE_OBJC_ARC = YES;
				CLANG_ENABLE_OBJC_WEAK = YES;
				CLANG_WARN_BLOCK_CAPTURE_AUTORELEASING = YES;
				CLANG_WARN_BOOL_CONVERSION = YES;
				CLANG_WARN_COMMA = YES;
				CLANG_WARN_CONSTANT_CONVERSION = YES;
				CLANG_WARN_DEPRECATED_OBJC_IMPLEMENTATIONS = YES;
				CLANG_WARN_DIRECT_OBJC_ISA_USAGE = YES_ERROR;
				CLANG_WARN_DOCUMENTATION_COMMENTS = YES;
				CLANG_WARN_EMPTY_BODY = YES;
				CLANG_WARN_ENUM_CONVERSION = YES;
				CLANG_WARN_INFINITE_RECURSION = YES;
				CLANG_WARN_INT_CONVERSION = YES;
				CLANG_WARN_NON_LITERAL_NULL_CONVERSION = YES;
				CLANG_WARN_OBJC_IMPLICIT_RETAIN_SELF = YES;
				CLANG_WARN_OBJC_LITERAL_CONVERSION = YES;
				CLANG_WARN_OBJC_ROOT_CLASS = YES_ERROR;
				CLANG_WARN_RANGE_LOOP_ANALYSIS = YES;
				CLANG_WARN_STRICT_PROTOTYPES = YES;
				CLANG_WARN_SUSPICIOUS_MOVE = YES;
				CLANG_WARN_UNGUARDED_AVAILABILITY = YES_AGGRESSIVE;
				CLANG_WARN_UNREACHABLE_CODE = YES;
				CLANG_WARN__DUPLICATE_METHOD_MATCH = YES;
				CODE_SIGN_IDENTITY = "iPhone Developer";
				COPY_PHASE_STRIP = NO;
				DEBUG_INFORMATION_FORMAT = dwarf;
				ENABLE_STRICT_OBJC_MSGSEND = YES;
				ENABLE_TESTABILITY = YES;
				GCC_C_LANGUAGE_STANDARD = gnu11;
				GCC_DYNAMIC_NO_PIC = NO;
				GCC_NO_COMMON_BLOCKS = YES;
				GCC_OPTIMIZATION_LEVEL = 0;
				GCC_PREPROCESSOR_DEFINITIONS = (
					"DEBUG=1",
					"$(inherited)",
				);
				GCC_WARN_64_TO_32_BIT_CONVERSION = YES;
				GCC_WARN_ABOUT_RETURN_TYPE = YES_ERROR;
				GCC_WARN_UNDECLARED_SELECTOR = YES;
				GCC_WARN_UNINITIALIZED_AUTOS = YES_AGGRESSIVE;
				GCC_WARN_UNUSED_FUNCTION = YES;
				GCC_WARN_UNUSED_VARIABLE = YES;
				IPHONEOS_DEPLOYMENT_TARGET = 11.3;
				MTL_ENABLE_DEBUG_INFO = YES;
				ONLY_ACTIVE_ARCH = YES;
				SDKROOT = iphoneos;
				SWIFT_ACTIVE_COMPILATION_CONDITIONS = DEBUG;
				SWIFT_OPTIMIZATION_LEVEL = "-Onone";
			};
			name = Debug;
		};
		77AE8F4420AFBF5F00EBDC73 /* Release */ = {
			isa = XCBuildConfiguration;
			buildSettings = {
				ALWAYS_SEARCH_USER_PATHS = NO;
				CLANG_ANALYZER_NONNULL = YES;
				CLANG_ANALYZER_NUMBER_OBJECT_CONVERSION = YES_AGGRESSIVE;
				CLANG_CXX_LANGUAGE_STANDARD = "gnu++14";
				CLANG_CXX_LIBRARY = "libc++";
				CLANG_ENABLE_MODULES = YES;
				CLANG_ENABLE_OBJC_ARC = YES;
				CLANG_ENABLE_OBJC_WEAK = YES;
				CLANG_WARN_BLOCK_CAPTURE_AUTORELEASING = YES;
				CLANG_WARN_BOOL_CONVERSION = YES;
				CLANG_WARN_COMMA = YES;
				CLANG_WARN_CONSTANT_CONVERSION = YES;
				CLANG_WARN_DEPRECATED_OBJC_IMPLEMENTATIONS = YES;
				CLANG_WARN_DIRECT_OBJC_ISA_USAGE = YES_ERROR;
				CLANG_WARN_DOCUMENTATION_COMMENTS = YES;
				CLANG_WARN_EMPTY_BODY = YES;
				CLANG_WARN_ENUM_CONVERSION = YES;
				CLANG_WARN_INFINITE_RECURSION = YES;
				CLANG_WARN_INT_CONVERSION = YES;
				CLANG_WARN_NON_LITERAL_NULL_CONVERSION = YES;
				CLANG_WARN_OBJC_IMPLICIT_RETAIN_SELF = YES;
				CLANG_WARN_OBJC_LITERAL_CONVERSION = YES;
				CLANG_WARN_OBJC_ROOT_CLASS = YES_ERROR;
				CLANG_WARN_RANGE_LOOP_ANALYSIS = YES;
				CLANG_WARN_STRICT_PROTOTYPES = YES;
				CLANG_WARN_SUSPICIOUS_MOVE = YES;
				CLANG_WARN_UNGUARDED_AVAILABILITY = YES_AGGRESSIVE;
				CLANG_WARN_UNREACHABLE_CODE = YES;
				CLANG_WARN__DUPLICATE_METHOD_MATCH = YES;
				CODE_SIGN_IDENTITY = "iPhone Developer";
				COPY_PHASE_STRIP = NO;
				DEBUG_INFORMATION_FORMAT = "dwarf-with-dsym";
				ENABLE_NS_ASSERTIONS = NO;
				ENABLE_STRICT_OBJC_MSGSEND = YES;
				GCC_C_LANGUAGE_STANDARD = gnu11;
				GCC_NO_COMMON_BLOCKS = YES;
				GCC_WARN_64_TO_32_BIT_CONVERSION = YES;
				GCC_WARN_ABOUT_RETURN_TYPE = YES_ERROR;
				GCC_WARN_UNDECLARED_SELECTOR = YES;
				GCC_WARN_UNINITIALIZED_AUTOS = YES_AGGRESSIVE;
				GCC_WARN_UNUSED_FUNCTION = YES;
				GCC_WARN_UNUSED_VARIABLE = YES;
				IPHONEOS_DEPLOYMENT_TARGET = 11.3;
				MTL_ENABLE_DEBUG_INFO = NO;
				SDKROOT = iphoneos;
				SWIFT_COMPILATION_MODE = wholemodule;
				SWIFT_OPTIMIZATION_LEVEL = "-O";
				VALIDATE_PRODUCT = YES;
			};
			name = Release;
		};
		77AE8F4620AFBF5F00EBDC73 /* Debug */ = {
			isa = XCBuildConfiguration;
			buildSettings = {
				ASSETCATALOG_COMPILER_APPICON_NAME = AppIcon;
				CODE_SIGN_STYLE = Automatic;
				DEVELOPMENT_TEAM = 5AQQ5P2MJA;
				INFOPLIST_FILE = TablaSimple1/Info.plist;
				LD_RUNPATH_SEARCH_PATHS = (
					"$(inherited)",
					"@executable_path/Frameworks",
				);
				PRODUCT_BUNDLE_IDENTIFIER = com.angelesjelena.TablaSimple1;
				PRODUCT_NAME = "$(TARGET_NAME)";
				SWIFT_VERSION = 4.0;
				TARGETED_DEVICE_FAMILY = "1,2";
			};
			name = Debug;
		};
		77AE8F4720AFBF5F00EBDC73 /* Release */ = {
			isa = XCBuildConfiguration;
			buildSettings = {
				ASSETCATALOG_COMPILER_APPICON_NAME = AppIcon;
				CODE_SIGN_STYLE = Automatic;
				DEVELOPMENT_TEAM = 5AQQ5P2MJA;
				INFOPLIST_FILE = TablaSimple1/Info.plist;
				LD_RUNPATH_SEARCH_PATHS = (
					"$(inherited)",
					"@executable_path/Frameworks",
				);
				PRODUCT_BUNDLE_IDENTIFIER = com.angelesjelena.TablaSimple1;
				PRODUCT_NAME = "$(TARGET_NAME)";
				SWIFT_VERSION = 4.0;
				TARGETED_DEVICE_FAMILY = "1,2";
			};
			name = Release;
		};
/* End XCBuildConfiguration section */

/* Begin XCConfigurationList section */
		77AE8F2E20AFBF5E00EBDC73 /* Build configuration list for PBXProject "TablaSimple1" */ = {
			isa = XCConfigurationList;
			buildConfigurations = (
				77AE8F4320AFBF5F00EBDC73 /* Debug */,
				77AE8F4420AFBF5F00EBDC73 /* Release */,
			);
			defaultConfigurationIsVisible = 0;
			defaultConfigurationName = Release;
		};
		77AE8F4520AFBF5F00EBDC73 /* Build configuration list for PBXNativeTarget "TablaSimple1" */ = {
			isa = XCConfigurationList;
			buildConfigurations = (
				77AE8F4620AFBF5F00EBDC73 /* Debug */,
				77AE8F4720AFBF5F00EBDC73 /* Release */,
			);
			defaultConfigurationIsVisible = 0;
			defaultConfigurationName = Release;
		};
/* End XCConfigurationList section */
	};
	rootObject = 77AE8F2B20AFBF5E00EBDC73 /* Project object */;
}
